
Microsoft Visual Studio Solution File, Format Version 12.00
# Visual Studio Version 17
VisualStudioVersion = 17.8.34330.188
MinimumVisualStudioVersion = 10.0.40219.1
Project("{9A19103F-16F7-4668-BE54-9A1E7A4F7556}") = "ChainStoresManagement.API", "ChainStoresManagement.API\ChainStoresManagement.API.csproj", "{153A6494-2946-4E5B-86CE-328701E0109C}"
EndProject
Project("{9A19103F-16F7-4668-BE54-9A1E7A4F7556}") = "ChainStoresManagement.WebApp", "ChainStoresManagement.WebApp\ChainStoresManagement.WebApp.csproj", "{EE9E9E18-C05C-491F-973A-EF79DD64158C}"
EndProject
Project("{9A19103F-16F7-4668-BE54-9A1E7A4F7556}") = "ChainStoresManagement.AdminApp", "ChainStoresManagement.AdminApp\ChainStoresManagement.AdminApp.csproj", "{4F1AE9EC-C933-4737-84D8-1793F2975BC3}"
EndProject
Project("{9A19103F-16F7-4668-BE54-9A1E7A4F7556}") = "ChainStoresManagement.DTO", "ChainStoresManagement.DTO\ChainStoresManagement.DTO.csproj", "{8F7E5992-CFC6-4411-8383-AB18E43315D1}"
EndProject
Project("{9A19103F-16F7-4668-BE54-9A1E7A4F7556}") = "ChainStoresManagement.Data", "ChainStoresManagement.Data\ChainStoresManagement.Data.csproj", "{39A181EA-A743-4058-AFAB-1CBEF90FBF5B}"
EndProject
Project("{9A19103F-16F7-4668-BE54-9A1E7A4F7556}") = "ChainStoresManagement.Service", "ChainStoresManagement.Service\ChainStoresManagement.Service.csproj", "{AB6B72D8-4656-45AC-B0AB-B5FA8AE30FC9}"
EndProject
Project("{9A19103F-16F7-4668-BE54-9A1E7A4F7556}") = "ChainStoresManagement.Utilities", "ChainStoresManagement.Utilities\ChainStoresManagement.Utilities.csproj", "{B34B52F9-9053-4753-AA41-F1601AF297A7}"
EndProject
Project("{9A19103F-16F7-4668-BE54-9A1E7A4F7556}") = "ChainStoresManagement.Repository", "ChainStoresManagement.Repository\ChainStoresManagement.Repository.csproj", "{53DF1CF8-8852-41F1-B1D9-612C0617B7D5}"
EndProject
Project("{9A19103F-16F7-4668-BE54-9A1E7A4F7556}") = "ChainStoresManagement.Test", "ChainStoresManagement.Test\ChainStoresManagement.Test.csproj", "{8D0BF1E5-A55E-4946-8DCD-9D671A61956B}"
EndProject
Project("{2150E333-8FDC-42A3-9474-1A3956D46DE8}") = "src", "src", "{E453909A-4066-464E-BEFE-A8ABA96BBADF}"
EndProject
Project("{2150E333-8FDC-42A3-9474-1A3956D46DE8}") = "test", "test", "{A373E290-3F0B-44E2-A138-46CB7A7C6695}"
EndProject
Project("{FAE04EC0-301F-11D3-BF4B-00C04F79EFBC}") = "ChainStoresManagement.APIToWeb", "ChainStoresManagement.APIToWeb\ChainStoresManagement.APIToWeb.csproj", "{60ECA96C-EE80-46B6-9E78-7304FF58610D}"
EndProject
Global
	GlobalSection(SolutionConfigurationPlatforms) = preSolution
		Debug|Any CPU = Debug|Any CPU
		Release|Any CPU = Release|Any CPU
	EndGlobalSection
	GlobalSection(ProjectConfigurationPlatforms) = postSolution
		{153A6494-2946-4E5B-86CE-328701E0109C}.Debug|Any CPU.ActiveCfg = Debug|Any CPU
		{153A6494-2946-4E5B-86CE-328701E0109C}.Debug|Any CPU.Build.0 = Debug|Any CPU
		{153A6494-2946-4E5B-86CE-328701E0109C}.Release|Any CPU.ActiveCfg = Release|Any CPU
		{153A6494-2946-4E5B-86CE-328701E0109C}.Release|Any CPU.Build.0 = Release|Any CPU
		{EE9E9E18-C05C-491F-973A-EF79DD64158C}.Debug|Any CPU.ActiveCfg = Debug|Any CPU
		{EE9E9E18-C05C-491F-973A-EF79DD64158C}.Debug|Any CPU.Build.0 = Debug|Any CPU
		{EE9E9E18-C05C-491F-973A-EF79DD64158C}.Release|Any CPU.ActiveCfg = Release|Any CPU
		{EE9E9E18-C05C-491F-973A-EF79DD64158C}.Release|Any CPU.Build.0 = Release|Any CPU
		{4F1AE9EC-C933-4737-84D8-1793F2975BC3}.Debug|Any CPU.ActiveCfg = Debug|Any CPU
		{4F1AE9EC-C933-4737-84D8-1793F2975BC3}.Debug|Any CPU.Build.0 = Debug|Any CPU
		{4F1AE9EC-C933-4737-84D8-1793F2975BC3}.Release|Any CPU.ActiveCfg = Release|Any CPU
		{4F1AE9EC-C933-4737-84D8-1793F2975BC3}.Release|Any CPU.Build.0 = Release|Any CPU
		{8F7E5992-CFC6-4411-8383-AB18E43315D1}.Debug|Any CPU.ActiveCfg = Debug|Any CPU
		{8F7E5992-CFC6-4411-8383-AB18E43315D1}.Debug|Any CPU.Build.0 = Debug|Any CPU
		{8F7E5992-CFC6-4411-8383-AB18E43315D1}.Release|Any CPU.ActiveCfg = Release|Any CPU
		{8F7E5992-CFC6-4411-8383-AB18E43315D1}.Release|Any CPU.Build.0 = Release|Any CPU
		{39A181EA-A743-4058-AFAB-1CBEF90FBF5B}.Debug|Any CPU.ActiveCfg = Debug|Any CPU
		{39A181EA-A743-4058-AFAB-1CBEF90FBF5B}.Debug|Any CPU.Build.0 = Debug|Any CPU
		{39A181EA-A743-4058-AFAB-1CBEF90FBF5B}.Release|Any CPU.ActiveCfg = Release|Any CPU
		{39A181EA-A743-4058-AFAB-1CBEF90FBF5B}.Release|Any CPU.Build.0 = Release|Any CPU
		{AB6B72D8-4656-45AC-B0AB-B5FA8AE30FC9}.Debug|Any CPU.ActiveCfg = Debug|Any CPU
		{AB6B72D8-4656-45AC-B0AB-B5FA8AE30FC9}.Debug|Any CPU.Build.0 = Debug|Any CPU
		{AB6B72D8-4656-45AC-B0AB-B5FA8AE30FC9}.Release|Any CPU.ActiveCfg = Release|Any CPU
		{AB6B72D8-4656-45AC-B0AB-B5FA8AE30FC9}.Release|Any CPU.Build.0 = Release|Any CPU
		{B34B52F9-9053-4753-AA41-F1601AF297A7}.Debug|Any CPU.ActiveCfg = Debug|Any CPU
		{B34B52F9-9053-4753-AA41-F1601AF297A7}.Debug|Any CPU.Build.0 = Debug|Any CPU
		{B34B52F9-9053-4753-AA41-F1601AF297A7}.Release|Any CPU.ActiveCfg = Release|Any CPU
		{B34B52F9-9053-4753-AA41-F1601AF297A7}.Release|Any CPU.Build.0 = Release|Any CPU
		{53DF1CF8-8852-41F1-B1D9-612C0617B7D5}.Debug|Any CPU.ActiveCfg = Debug|Any CPU
		{53DF1CF8-8852-41F1-B1D9-612C0617B7D5}.Debug|Any CPU.Build.0 = Debug|Any CPU
		{53DF1CF8-8852-41F1-B1D9-612C0617B7D5}.Release|Any CPU.ActiveCfg = Release|Any CPU
		{53DF1CF8-8852-41F1-B1D9-612C0617B7D5}.Release|Any CPU.Build.0 = Release|Any CPU
		{8D0BF1E5-A55E-4946-8DCD-9D671A61956B}.Debug|Any CPU.ActiveCfg = Debug|Any CPU
		{8D0BF1E5-A55E-4946-8DCD-9D671A61956B}.Debug|Any CPU.Build.0 = Debug|Any CPU
		{8D0BF1E5-A55E-4946-8DCD-9D671A61956B}.Release|Any CPU.ActiveCfg = Release|Any CPU
		{8D0BF1E5-A55E-4946-8DCD-9D671A61956B}.Release|Any CPU.Build.0 = Release|Any CPU
		{60ECA96C-EE80-46B6-9E78-7304FF58610D}.Debug|Any CPU.ActiveCfg = Debug|Any CPU
		{60ECA96C-EE80-46B6-9E78-7304FF58610D}.Debug|Any CPU.Build.0 = Debug|Any CPU
		{60ECA96C-EE80-46B6-9E78-7304FF58610D}.Release|Any CPU.ActiveCfg = Release|Any CPU
		{60ECA96C-EE80-46B6-9E78-7304FF58610D}.Release|Any CPU.Build.0 = Release|Any CPU
	EndGlobalSection
	GlobalSection(SolutionProperties) = preSolution
		HideSolutionNode = FALSE
	EndGlobalSection
	GlobalSection(NestedProjects) = preSolution
		{153A6494-2946-4E5B-86CE-328701E0109C} = {E453909A-4066-464E-BEFE-A8ABA96BBADF}
		{EE9E9E18-C05C-491F-973A-EF79DD64158C} = {E453909A-4066-464E-BEFE-A8ABA96BBADF}
		{4F1AE9EC-C933-4737-84D8-1793F2975BC3} = {E453909A-4066-464E-BEFE-A8ABA96BBADF}
		{8F7E5992-CFC6-4411-8383-AB18E43315D1} = {E453909A-4066-464E-BEFE-A8ABA96BBADF}
		{39A181EA-A743-4058-AFAB-1CBEF90FBF5B} = {E453909A-4066-464E-BEFE-A8ABA96BBADF}
		{AB6B72D8-4656-45AC-B0AB-B5FA8AE30FC9} = {E453909A-4066-464E-BEFE-A8ABA96BBADF}
		{B34B52F9-9053-4753-AA41-F1601AF297A7} = {E453909A-4066-464E-BEFE-A8ABA96BBADF}
		{53DF1CF8-8852-41F1-B1D9-612C0617B7D5} = {E453909A-4066-464E-BEFE-A8ABA96BBADF}
		{8D0BF1E5-A55E-4946-8DCD-9D671A61956B} = {A373E290-3F0B-44E2-A138-46CB7A7C6695}
		{60ECA96C-EE80-46B6-9E78-7304FF58610D} = {E453909A-4066-464E-BEFE-A8ABA96BBADF}
	EndGlobalSection
	GlobalSection(ExtensibilityGlobals) = postSolution
		SolutionGuid = {2E939948-ACAA-42D4-B1B3-7C7F3C6BED13}
	EndGlobalSection
EndGlobal
