
Microsoft Visual Studio Solution File, Format Version 12.00
# Visual Studio Version 17
VisualStudioVersion = 17.8.34330.188
MinimumVisualStudioVersion = 10.0.40219.1
Project("{2150E333-8FDC-42A3-9474-1A3956D46DE8}") = "src", "src", "{E453909A-4066-464E-BEFE-A8ABA96BBADF}"
EndProject
Project("{2150E333-8FDC-42A3-9474-1A3956D46DE8}") = "test", "test", "{A373E290-3F0B-44E2-A138-46CB7A7C6695}"
EndProject
Project("{9A19103F-16F7-4668-BE54-9A1E7A4F7556}") = "TAT.Ecommerce.AdminApp", "TAT.Ecommerce.AdminApp\TAT.Ecommerce.AdminApp.csproj", "{D24EA19B-090E-4345-BD6D-03DD8C6E65A1}"
EndProject
Project("{9A19103F-16F7-4668-BE54-9A1E7A4F7556}") = "TAT.Ecommerce.API", "TAT.Ecommerce.API\TAT.Ecommerce.API.csproj", "{CCCC4840-3A44-42BF-AD1A-007B73B0D9E3}"
EndProject
Project("{9A19103F-16F7-4668-BE54-9A1E7A4F7556}") = "TAT.Ecommerce.APIToWeb", "TAT.Ecommerce.APIToWeb\TAT.Ecommerce.APIToWeb.csproj", "{B502D27F-6032-4788-935E-FB1013FF47E2}"
EndProject
Project("{9A19103F-16F7-4668-BE54-9A1E7A4F7556}") = "TAT.Ecommerce.WebApp", "TAT.Ecommerce.WebApp\TAT.Ecommerce.WebApp.csproj", "{A43D8483-CD7E-4B56-AFDB-880969839476}"
EndProject
Project("{9A19103F-16F7-4668-BE54-9A1E7A4F7556}") = "TAT.Ecommerce.Test", "TAT.Ecommerce.Test\TAT.Ecommerce.Test.csproj", "{B2D038EC-5B3E-45DC-88D1-BB6B7A870DC9}"
EndProject
Project("{2150E333-8FDC-42A3-9474-1A3956D46DE8}") = "Presentation", "Presentation", "{103F4AE8-4FFD-44CD-9E8D-C50F36B45A1E}"
EndProject
Project("{2150E333-8FDC-42A3-9474-1A3956D46DE8}") = "Infrastructure", "Infrastructure", "{919623BE-ADF6-4B3E-8A14-3AF57A4CCE60}"
EndProject
Project("{2150E333-8FDC-42A3-9474-1A3956D46DE8}") = "Core", "Core", "{55050352-03FF-4332-9B45-6CE7D6445A87}"
EndProject
Project("{9A19103F-16F7-4668-BE54-9A1E7A4F7556}") = "TAT.Ecommerce.Domain", "TAT.Ecommerce.Domain\TAT.Ecommerce.Domain.csproj", "{3548C640-335E-4E25-B6FE-38BECAD13FFE}"
EndProject
Project("{9A19103F-16F7-4668-BE54-9A1E7A4F7556}") = "TAT.Ecommerce.Application", "TAT.Ecommerce.Application\TAT.Ecommerce.Application.csproj", "{FF01E73A-2AF2-41F0-85A3-2F3EB3153A50}"
EndProject
Project("{9A19103F-16F7-4668-BE54-9A1E7A4F7556}") = "TAT.Ecommerce.Infrastructure", "TAT.Ecommerce.Infrastructure\TAT.Ecommerce.Infrastructure.csproj", "{48D92069-E3B1-4559-B65A-A77ED032666A}"
EndProject
Project("{9A19103F-16F7-4668-BE54-9A1E7A4F7556}") = "TAT.Ecommerce.DTOs", "TAT.Ecommerce.DTOs\TAT.Ecommerce.DTOs.csproj", "{F007AC16-C015-459F-8073-32C2E8DAC43D}"
EndProject
Project("{9A19103F-16F7-4668-BE54-9A1E7A4F7556}") = "TAT.Ecommerce.Utilities", "TAT.Ecommerce.Utilities\TAT.Ecommerce.Utilities.csproj", "{1A2EEF4D-798E-430C-A096-E6722118354D}"
EndProject
Project("{2150E333-8FDC-42A3-9474-1A3956D46DE8}") = "Shared", "Shared", "{F1046A49-4DF9-4AA1-B93E-18EA04EA280F}"
EndProject
Global
	GlobalSection(SolutionConfigurationPlatforms) = preSolution
		Debug|Any CPU = Debug|Any CPU
		Release|Any CPU = Release|Any CPU
	EndGlobalSection
	GlobalSection(ProjectConfigurationPlatforms) = postSolution
		{D24EA19B-090E-4345-BD6D-03DD8C6E65A1}.Debug|Any CPU.ActiveCfg = Debug|Any CPU
		{D24EA19B-090E-4345-BD6D-03DD8C6E65A1}.Debug|Any CPU.Build.0 = Debug|Any CPU
		{D24EA19B-090E-4345-BD6D-03DD8C6E65A1}.Release|Any CPU.ActiveCfg = Release|Any CPU
		{D24EA19B-090E-4345-BD6D-03DD8C6E65A1}.Release|Any CPU.Build.0 = Release|Any CPU
		{CCCC4840-3A44-42BF-AD1A-007B73B0D9E3}.Debug|Any CPU.ActiveCfg = Debug|Any CPU
		{CCCC4840-3A44-42BF-AD1A-007B73B0D9E3}.Debug|Any CPU.Build.0 = Debug|Any CPU
		{CCCC4840-3A44-42BF-AD1A-007B73B0D9E3}.Release|Any CPU.ActiveCfg = Release|Any CPU
		{CCCC4840-3A44-42BF-AD1A-007B73B0D9E3}.Release|Any CPU.Build.0 = Release|Any CPU
		{B502D27F-6032-4788-935E-FB1013FF47E2}.Debug|Any CPU.ActiveCfg = Debug|Any CPU
		{B502D27F-6032-4788-935E-FB1013FF47E2}.Debug|Any CPU.Build.0 = Debug|Any CPU
		{B502D27F-6032-4788-935E-FB1013FF47E2}.Release|Any CPU.ActiveCfg = Release|Any CPU
		{B502D27F-6032-4788-935E-FB1013FF47E2}.Release|Any CPU.Build.0 = Release|Any CPU
		{A43D8483-CD7E-4B56-AFDB-880969839476}.Debug|Any CPU.ActiveCfg = Debug|Any CPU
		{A43D8483-CD7E-4B56-AFDB-880969839476}.Debug|Any CPU.Build.0 = Debug|Any CPU
		{A43D8483-CD7E-4B56-AFDB-880969839476}.Release|Any CPU.ActiveCfg = Release|Any CPU
		{A43D8483-CD7E-4B56-AFDB-880969839476}.Release|Any CPU.Build.0 = Release|Any CPU
		{B2D038EC-5B3E-45DC-88D1-BB6B7A870DC9}.Debug|Any CPU.ActiveCfg = Debug|Any CPU
		{B2D038EC-5B3E-45DC-88D1-BB6B7A870DC9}.Debug|Any CPU.Build.0 = Debug|Any CPU
		{B2D038EC-5B3E-45DC-88D1-BB6B7A870DC9}.Release|Any CPU.ActiveCfg = Release|Any CPU
		{B2D038EC-5B3E-45DC-88D1-BB6B7A870DC9}.Release|Any CPU.Build.0 = Release|Any CPU
		{3548C640-335E-4E25-B6FE-38BECAD13FFE}.Debug|Any CPU.ActiveCfg = Debug|Any CPU
		{3548C640-335E-4E25-B6FE-38BECAD13FFE}.Debug|Any CPU.Build.0 = Debug|Any CPU
		{3548C640-335E-4E25-B6FE-38BECAD13FFE}.Release|Any CPU.ActiveCfg = Release|Any CPU
		{3548C640-335E-4E25-B6FE-38BECAD13FFE}.Release|Any CPU.Build.0 = Release|Any CPU
		{FF01E73A-2AF2-41F0-85A3-2F3EB3153A50}.Debug|Any CPU.ActiveCfg = Debug|Any CPU
		{FF01E73A-2AF2-41F0-85A3-2F3EB3153A50}.Debug|Any CPU.Build.0 = Debug|Any CPU
		{FF01E73A-2AF2-41F0-85A3-2F3EB3153A50}.Release|Any CPU.ActiveCfg = Release|Any CPU
		{FF01E73A-2AF2-41F0-85A3-2F3EB3153A50}.Release|Any CPU.Build.0 = Release|Any CPU
		{48D92069-E3B1-4559-B65A-A77ED032666A}.Debug|Any CPU.ActiveCfg = Debug|Any CPU
		{48D92069-E3B1-4559-B65A-A77ED032666A}.Debug|Any CPU.Build.0 = Debug|Any CPU
		{48D92069-E3B1-4559-B65A-A77ED032666A}.Release|Any CPU.ActiveCfg = Release|Any CPU
		{48D92069-E3B1-4559-B65A-A77ED032666A}.Release|Any CPU.Build.0 = Release|Any CPU
		{F007AC16-C015-459F-8073-32C2E8DAC43D}.Debug|Any CPU.ActiveCfg = Debug|Any CPU
		{F007AC16-C015-459F-8073-32C2E8DAC43D}.Debug|Any CPU.Build.0 = Debug|Any CPU
		{F007AC16-C015-459F-8073-32C2E8DAC43D}.Release|Any CPU.ActiveCfg = Release|Any CPU
		{F007AC16-C015-459F-8073-32C2E8DAC43D}.Release|Any CPU.Build.0 = Release|Any CPU
		{1A2EEF4D-798E-430C-A096-E6722118354D}.Debug|Any CPU.ActiveCfg = Debug|Any CPU
		{1A2EEF4D-798E-430C-A096-E6722118354D}.Debug|Any CPU.Build.0 = Debug|Any CPU
		{1A2EEF4D-798E-430C-A096-E6722118354D}.Release|Any CPU.ActiveCfg = Release|Any CPU
		{1A2EEF4D-798E-430C-A096-E6722118354D}.Release|Any CPU.Build.0 = Release|Any CPU
	EndGlobalSection
	GlobalSection(SolutionProperties) = preSolution
		HideSolutionNode = FALSE
	EndGlobalSection
	GlobalSection(NestedProjects) = preSolution
		{D24EA19B-090E-4345-BD6D-03DD8C6E65A1} = {103F4AE8-4FFD-44CD-9E8D-C50F36B45A1E}
		{CCCC4840-3A44-42BF-AD1A-007B73B0D9E3} = {103F4AE8-4FFD-44CD-9E8D-C50F36B45A1E}
		{B502D27F-6032-4788-935E-FB1013FF47E2} = {919623BE-ADF6-4B3E-8A14-3AF57A4CCE60}
		{A43D8483-CD7E-4B56-AFDB-880969839476} = {103F4AE8-4FFD-44CD-9E8D-C50F36B45A1E}
		{B2D038EC-5B3E-45DC-88D1-BB6B7A870DC9} = {A373E290-3F0B-44E2-A138-46CB7A7C6695}
		{103F4AE8-4FFD-44CD-9E8D-C50F36B45A1E} = {E453909A-4066-464E-BEFE-A8ABA96BBADF}
		{919623BE-ADF6-4B3E-8A14-3AF57A4CCE60} = {E453909A-4066-464E-BEFE-A8ABA96BBADF}
		{55050352-03FF-4332-9B45-6CE7D6445A87} = {E453909A-4066-464E-BEFE-A8ABA96BBADF}
		{3548C640-335E-4E25-B6FE-38BECAD13FFE} = {55050352-03FF-4332-9B45-6CE7D6445A87}
		{FF01E73A-2AF2-41F0-85A3-2F3EB3153A50} = {55050352-03FF-4332-9B45-6CE7D6445A87}
		{48D92069-E3B1-4559-B65A-A77ED032666A} = {919623BE-ADF6-4B3E-8A14-3AF57A4CCE60}
		{F007AC16-C015-459F-8073-32C2E8DAC43D} = {55050352-03FF-4332-9B45-6CE7D6445A87}
		{1A2EEF4D-798E-430C-A096-E6722118354D} = {F1046A49-4DF9-4AA1-B93E-18EA04EA280F}
		{F1046A49-4DF9-4AA1-B93E-18EA04EA280F} = {E453909A-4066-464E-BEFE-A8ABA96BBADF}
	EndGlobalSection
	GlobalSection(ExtensibilityGlobals) = postSolution
		SolutionGuid = {2E939948-ACAA-42D4-B1B3-7C7F3C6BED13}
	EndGlobalSection
EndGlobal
